
Microsoft Visual Studio Solution File, Format Version 12.00
# Visual Studio Version 16
VisualStudioVersion = 16.0.31624.102
MinimumVisualStudioVersion = 10.0.40219.1
Project("{8BC9CEB8-8B4A-11D0-8D11-00A0C91BC942}") = "Ch6.4_ThreadedTree", "Ch6.4_ThreadedTree\Ch6.4_ThreadedTree.vcxproj", "{5927D562-4768-459B-AEBE-8F6C84CC54AD}"
EndProject
Global
	GlobalSection(SolutionConfigurationPlatforms) = preSolution
		Debug|x64 = Debug|x64
		Debug|x86 = Debug|x86
		Release|x64 = Release|x64
		Release|x86 = Release|x86
	EndGlobalSection
	GlobalSection(ProjectConfigurationPlatforms) = postSolution
		{5927D562-4768-459B-AEBE-8F6C84CC54AD}.Debug|x64.ActiveCfg = Debug|x64
		{5927D562-4768-459B-AEBE-8F6C84CC54AD}.Debug|x64.Build.0 = Debug|x64
		{5927D562-4768-459B-AEBE-8F6C84CC54AD}.Debug|x86.ActiveCfg = Debug|Win32
		{5927D562-4768-459B-AEBE-8F6C84CC54AD}.Debug|x86.Build.0 = Debug|Win32
		{5927D562-4768-459B-AEBE-8F6C84CC54AD}.Release|x64.ActiveCfg = Release|x64
		{5927D562-4768-459B-AEBE-8F6C84CC54AD}.Release|x64.Build.0 = Release|x64
		{5927D562-4768-459B-AEBE-8F6C84CC54AD}.Release|x86.ActiveCfg = Release|Win32
		{5927D562-4768-459B-AEBE-8F6C84CC54AD}.Release|x86.Build.0 = Release|Win32
	EndGlobalSection
	GlobalSection(SolutionProperties) = preSolution
		HideSolutionNode = FALSE
	EndGlobalSection
	GlobalSection(ExtensibilityGlobals) = postSolution
		SolutionGuid = {B212AC2A-B2B7-440C-84B3-8B9A222850D0}
	EndGlobalSection
EndGlobal
