
Microsoft Visual Studio Solution File, Format Version 12.00
# Visual Studio Version 16
VisualStudioVersion = 16.0.31624.102
MinimumVisualStudioVersion = 10.0.40219.1
Project("{8BC9CEB8-8B4A-11D0-8D11-00A0C91BC942}") = "Ch9.1_CombSort", "Ch9.1_CombSort\Ch9.1_CombSort.vcxproj", "{02580C2B-AEC3-4BA4-A477-FD846AA07FBD}"
EndProject
Global
	GlobalSection(SolutionConfigurationPlatforms) = preSolution
		Debug|x64 = Debug|x64
		Debug|x86 = Debug|x86
		Release|x64 = Release|x64
		Release|x86 = Release|x86
	EndGlobalSection
	GlobalSection(ProjectConfigurationPlatforms) = postSolution
		{02580C2B-AEC3-4BA4-A477-FD846AA07FBD}.Debug|x64.ActiveCfg = Debug|x64
		{02580C2B-AEC3-4BA4-A477-FD846AA07FBD}.Debug|x64.Build.0 = Debug|x64
		{02580C2B-AEC3-4BA4-A477-FD846AA07FBD}.Debug|x86.ActiveCfg = Debug|Win32
		{02580C2B-AEC3-4BA4-A477-FD846AA07FBD}.Debug|x86.Build.0 = Debug|Win32
		{02580C2B-AEC3-4BA4-A477-FD846AA07FBD}.Release|x64.ActiveCfg = Release|x64
		{02580C2B-AEC3-4BA4-A477-FD846AA07FBD}.Release|x64.Build.0 = Release|x64
		{02580C2B-AEC3-4BA4-A477-FD846AA07FBD}.Release|x86.ActiveCfg = Release|Win32
		{02580C2B-AEC3-4BA4-A477-FD846AA07FBD}.Release|x86.Build.0 = Release|Win32
	EndGlobalSection
	GlobalSection(SolutionProperties) = preSolution
		HideSolutionNode = FALSE
	EndGlobalSection
	GlobalSection(ExtensibilityGlobals) = postSolution
		SolutionGuid = {60E89482-202B-4DEB-9B0C-FB029CE25816}
	EndGlobalSection
EndGlobal
