
Microsoft Visual Studio Solution File, Format Version 12.00
# Visual Studio Version 16
VisualStudioVersion = 16.0.31624.102
MinimumVisualStudioVersion = 10.0.40219.1
Project("{8BC9CEB8-8B4A-11D0-8D11-00A0C91BC942}") = "Ch 6.2 Binary search tree implementation", "Ch 6.2 Binary search tree implementation\Ch 6.2 Binary search tree implementation.vcxproj", "{94FBC830-1408-4A3F-9805-61D26207F975}"
EndProject
Global
	GlobalSection(SolutionConfigurationPlatforms) = preSolution
		Debug|x64 = Debug|x64
		Debug|x86 = Debug|x86
		Release|x64 = Release|x64
		Release|x86 = Release|x86
	EndGlobalSection
	GlobalSection(ProjectConfigurationPlatforms) = postSolution
		{94FBC830-1408-4A3F-9805-61D26207F975}.Debug|x64.ActiveCfg = Debug|x64
		{94FBC830-1408-4A3F-9805-61D26207F975}.Debug|x64.Build.0 = Debug|x64
		{94FBC830-1408-4A3F-9805-61D26207F975}.Debug|x86.ActiveCfg = Debug|Win32
		{94FBC830-1408-4A3F-9805-61D26207F975}.Debug|x86.Build.0 = Debug|Win32
		{94FBC830-1408-4A3F-9805-61D26207F975}.Release|x64.ActiveCfg = Release|x64
		{94FBC830-1408-4A3F-9805-61D26207F975}.Release|x64.Build.0 = Release|x64
		{94FBC830-1408-4A3F-9805-61D26207F975}.Release|x86.ActiveCfg = Release|Win32
		{94FBC830-1408-4A3F-9805-61D26207F975}.Release|x86.Build.0 = Release|Win32
	EndGlobalSection
	GlobalSection(SolutionProperties) = preSolution
		HideSolutionNode = FALSE
	EndGlobalSection
	GlobalSection(ExtensibilityGlobals) = postSolution
		SolutionGuid = {70FF24F2-068F-4667-BA7E-3BF6102C596E}
	EndGlobalSection
EndGlobal
